// !$*UTF8*$!
{
	archiveVersion = 1;
	classes = {
	};
	objectVersion = 56;
	objects = {

/* Begin PBXBuildFile section */
		50B847252A1CCC940002007A /* MelodyMateApp.swift in Sources */ = {isa = PBXBuildFile; fileRef = 50B847242A1CCC940002007A /* MelodyMateApp.swift */; };
		50B847272A1CCC940002007A /* ContentView.swift in Sources */ = {isa = PBXBuildFile; fileRef = 50B847262A1CCC940002007A /* ContentView.swift */; };
		50B847292A1CCC970002007A /* Assets.xcassets in Resources */ = {isa = PBXBuildFile; fileRef = 50B847282A1CCC970002007A /* Assets.xcassets */; };
		50B8472C2A1CCC970002007A /* Preview Assets.xcassets in Resources */ = {isa = PBXBuildFile; fileRef = 50B8472B2A1CCC970002007A /* Preview Assets.xcassets */; };
		50B8472E2A1CCC970002007A /* Persistence.swift in Sources */ = {isa = PBXBuildFile; fileRef = 50B8472D2A1CCC970002007A /* Persistence.swift */; };
		50B847312A1CCC970002007A /* MelodyMate.xcdatamodeld in Sources */ = {isa = PBXBuildFile; fileRef = 50B8472F2A1CCC970002007A /* MelodyMate.xcdatamodeld */; };
		50B8473B2A1CEAF30002007A /* getAllSongs.swift in Sources */ = {isa = PBXBuildFile; fileRef = 50B8473A2A1CEAF30002007A /* getAllSongs.swift */; };
		50B8473E2A1CFB3F0002007A /* AudioPlayerView.swift in Sources */ = {isa = PBXBuildFile; fileRef = 50B8473D2A1CFB3F0002007A /* AudioPlayerView.swift */; };
		50B847402A1CFB6F0002007A /* AuidoPlayer.swift in Sources */ = {isa = PBXBuildFile; fileRef = 50B8473F2A1CFB6F0002007A /* AuidoPlayer.swift */; };
		50B847432A1CFC740002007A /* RouteChangeHandler.swift in Sources */ = {isa = PBXBuildFile; fileRef = 50B847422A1CFC740002007A /* RouteChangeHandler.swift */; };
		50B847452A1CFCD50002007A /* selectAudioOutput.swift in Sources */ = {isa = PBXBuildFile; fileRef = 50B847442A1CFCD50002007A /* selectAudioOutput.swift */; };
		50B847492A1CFDD20002007A /* ImageLoader.swift in Sources */ = {isa = PBXBuildFile; fileRef = 50B847482A1CFDD20002007A /* ImageLoader.swift */; };
		50B8474C2A1CFE3A0002007A /* String.swift in Sources */ = {isa = PBXBuildFile; fileRef = 50B8474B2A1CFE3A0002007A /* String.swift */; };
		50B8474E2A1CFEB60002007A /* checkMemoryAvailability.swift in Sources */ = {isa = PBXBuildFile; fileRef = 50B8474D2A1CFEB60002007A /* checkMemoryAvailability.swift */; };
		50B847502A1CFF2B0002007A /* Double.swift in Sources */ = {isa = PBXBuildFile; fileRef = 50B8474F2A1CFF2B0002007A /* Double.swift */; };
		50B847522A1CFFCA0002007A /* ImageBrightness.swift in Sources */ = {isa = PBXBuildFile; fileRef = 50B847512A1CFFCA0002007A /* ImageBrightness.swift */; };
/* End PBXBuildFile section */

/* Begin PBXFileReference section */
		50B847212A1CCC940002007A /* MelodyMate.app */ = {isa = PBXFileReference; explicitFileType = wrapper.application; includeInIndex = 0; path = MelodyMate.app; sourceTree = BUILT_PRODUCTS_DIR; };
		50B847242A1CCC940002007A /* MelodyMateApp.swift */ = {isa = PBXFileReference; lastKnownFileType = sourcecode.swift; path = MelodyMateApp.swift; sourceTree = "<group>"; };
		50B847262A1CCC940002007A /* ContentView.swift */ = {isa = PBXFileReference; lastKnownFileType = sourcecode.swift; path = ContentView.swift; sourceTree = "<group>"; };
		50B847282A1CCC970002007A /* Assets.xcassets */ = {isa = PBXFileReference; lastKnownFileType = folder.assetcatalog; path = Assets.xcassets; sourceTree = "<group>"; };
		50B8472B2A1CCC970002007A /* Preview Assets.xcassets */ = {isa = PBXFileReference; lastKnownFileType = folder.assetcatalog; path = "Preview Assets.xcassets"; sourceTree = "<group>"; };
		50B8472D2A1CCC970002007A /* Persistence.swift */ = {isa = PBXFileReference; lastKnownFileType = sourcecode.swift; path = Persistence.swift; sourceTree = "<group>"; };
		50B847302A1CCC970002007A /* MelodyMate.xcdatamodel */ = {isa = PBXFileReference; lastKnownFileType = wrapper.xcdatamodel; path = MelodyMate.xcdatamodel; sourceTree = "<group>"; };
		50B8473A2A1CEAF30002007A /* getAllSongs.swift */ = {isa = PBXFileReference; lastKnownFileType = sourcecode.swift; path = getAllSongs.swift; sourceTree = "<group>"; };
		50B8473D2A1CFB3F0002007A /* AudioPlayerView.swift */ = {isa = PBXFileReference; lastKnownFileType = sourcecode.swift; path = AudioPlayerView.swift; sourceTree = "<group>"; };
		50B8473F2A1CFB6F0002007A /* AuidoPlayer.swift */ = {isa = PBXFileReference; lastKnownFileType = sourcecode.swift; path = AuidoPlayer.swift; sourceTree = "<group>"; };
		50B847422A1CFC740002007A /* RouteChangeHandler.swift */ = {isa = PBXFileReference; lastKnownFileType = sourcecode.swift; path = RouteChangeHandler.swift; sourceTree = "<group>"; };
		50B847442A1CFCD50002007A /* selectAudioOutput.swift */ = {isa = PBXFileReference; lastKnownFileType = sourcecode.swift; path = selectAudioOutput.swift; sourceTree = "<group>"; };
		50B847482A1CFDD20002007A /* ImageLoader.swift */ = {isa = PBXFileReference; lastKnownFileType = sourcecode.swift; path = ImageLoader.swift; sourceTree = "<group>"; };
		50B8474B2A1CFE3A0002007A /* String.swift */ = {isa = PBXFileReference; lastKnownFileType = sourcecode.swift; path = String.swift; sourceTree = "<group>"; };
		50B8474D2A1CFEB60002007A /* checkMemoryAvailability.swift */ = {isa = PBXFileReference; lastKnownFileType = sourcecode.swift; path = checkMemoryAvailability.swift; sourceTree = "<group>"; };
		50B8474F2A1CFF2B0002007A /* Double.swift */ = {isa = PBXFileReference; lastKnownFileType = sourcecode.swift; path = Double.swift; sourceTree = "<group>"; };
		50B847512A1CFFCA0002007A /* ImageBrightness.swift */ = {isa = PBXFileReference; lastKnownFileType = sourcecode.swift; path = ImageBrightness.swift; sourceTree = "<group>"; };
/* End PBXFileReference section */

/* Begin PBXFrameworksBuildPhase section */
		50B8471E2A1CCC940002007A /* Frameworks */ = {
			isa = PBXFrameworksBuildPhase;
			buildActionMask = 2147483647;
			files = (
			);
			runOnlyForDeploymentPostprocessing = 0;
		};
/* End PBXFrameworksBuildPhase section */

/* Begin PBXGroup section */
		50B847182A1CCC940002007A = {
			isa = PBXGroup;
			children = (
				50B847232A1CCC940002007A /* MelodyMate */,
				50B847222A1CCC940002007A /* Products */,
			);
			sourceTree = "<group>";
		};
		50B847222A1CCC940002007A /* Products */ = {
			isa = PBXGroup;
			children = (
				50B847212A1CCC940002007A /* MelodyMate.app */,
			);
			name = Products;
			sourceTree = "<group>";
		};
		50B847232A1CCC940002007A /* MelodyMate */ = {
			isa = PBXGroup;
			children = (
				50B847412A1CFB840002007A /* Classes */,
				50B8474A2A1CFE230002007A /* Extensions */,
				50B847392A1CEAB20002007A /* Functions */,
				50B8473C2A1CFB1E0002007A /* Views */,
				50B847242A1CCC940002007A /* MelodyMateApp.swift */,
				50B847262A1CCC940002007A /* ContentView.swift */,
				50B847282A1CCC970002007A /* Assets.xcassets */,
				50B8472D2A1CCC970002007A /* Persistence.swift */,
				50B8472F2A1CCC970002007A /* MelodyMate.xcdatamodeld */,
				50B8472A2A1CCC970002007A /* Preview Content */,
			);
			path = MelodyMate;
			sourceTree = "<group>";
		};
		50B8472A2A1CCC970002007A /* Preview Content */ = {
			isa = PBXGroup;
			children = (
				50B8472B2A1CCC970002007A /* Preview Assets.xcassets */,
			);
			path = "Preview Content";
			sourceTree = "<group>";
		};
		50B847392A1CEAB20002007A /* Functions */ = {
			isa = PBXGroup;
			children = (
				50B8473A2A1CEAF30002007A /* getAllSongs.swift */,
				50B847442A1CFCD50002007A /* selectAudioOutput.swift */,
				50B8474D2A1CFEB60002007A /* checkMemoryAvailability.swift */,
			);
			path = Functions;
			sourceTree = "<group>";
		};
		50B8473C2A1CFB1E0002007A /* Views */ = {
			isa = PBXGroup;
			children = (
				50B8473D2A1CFB3F0002007A /* AudioPlayerView.swift */,
			);
			path = Views;
			sourceTree = "<group>";
		};
		50B847412A1CFB840002007A /* Classes */ = {
			isa = PBXGroup;
			children = (
				50B8473F2A1CFB6F0002007A /* AuidoPlayer.swift */,
				50B847422A1CFC740002007A /* RouteChangeHandler.swift */,
				50B847482A1CFDD20002007A /* ImageLoader.swift */,
				50B847512A1CFFCA0002007A /* ImageBrightness.swift */,
			);
			path = Classes;
			sourceTree = "<group>";
		};
		50B8474A2A1CFE230002007A /* Extensions */ = {
			isa = PBXGroup;
			children = (
				50B8474B2A1CFE3A0002007A /* String.swift */,
				50B8474F2A1CFF2B0002007A /* Double.swift */,
			);
			path = Extensions;
			sourceTree = "<group>";
		};
/* End PBXGroup section */

/* Begin PBXNativeTarget section */
		50B847202A1CCC940002007A /* MelodyMate */ = {
			isa = PBXNativeTarget;
			buildConfigurationList = 50B847342A1CCC970002007A /* Build configuration list for PBXNativeTarget "MelodyMate" */;
			buildPhases = (
				50B8471D2A1CCC940002007A /* Sources */,
				50B8471E2A1CCC940002007A /* Frameworks */,
				50B8471F2A1CCC940002007A /* Resources */,
			);
			buildRules = (
			);
			dependencies = (
			);
			name = MelodyMate;
			productName = MelodyMate;
			productReference = 50B847212A1CCC940002007A /* MelodyMate.app */;
			productType = "com.apple.product-type.application";
		};
/* End PBXNativeTarget section */

/* Begin PBXProject section */
		50B847192A1CCC940002007A /* Project object */ = {
			isa = PBXProject;
			attributes = {
				BuildIndependentTargetsInParallel = 1;
				LastSwiftUpdateCheck = 1430;
				LastUpgradeCheck = 1430;
				TargetAttributes = {
					50B847202A1CCC940002007A = {
						CreatedOnToolsVersion = 14.3;
					};
				};
			};
			buildConfigurationList = 50B8471C2A1CCC940002007A /* Build configuration list for PBXProject "MelodyMate" */;
			compatibilityVersion = "Xcode 14.0";
			developmentRegion = en;
			hasScannedForEncodings = 0;
			knownRegions = (
				en,
				Base,
			);
			mainGroup = 50B847182A1CCC940002007A;
			productRefGroup = 50B847222A1CCC940002007A /* Products */;
			projectDirPath = "";
			projectRoot = "";
			targets = (
				50B847202A1CCC940002007A /* MelodyMate */,
			);
		};
/* End PBXProject section */

/* Begin PBXResourcesBuildPhase section */
		50B8471F2A1CCC940002007A /* Resources */ = {
			isa = PBXResourcesBuildPhase;
			buildActionMask = 2147483647;
			files = (
				50B8472C2A1CCC970002007A /* Preview Assets.xcassets in Resources */,
				50B847292A1CCC970002007A /* Assets.xcassets in Resources */,
			);
			runOnlyForDeploymentPostprocessing = 0;
		};
/* End PBXResourcesBuildPhase section */

/* Begin PBXSourcesBuildPhase section */
		50B8471D2A1CCC940002007A /* Sources */ = {
			isa = PBXSourcesBuildPhase;
			buildActionMask = 2147483647;
			files = (
				50B8473B2A1CEAF30002007A /* getAllSongs.swift in Sources */,
				50B8474C2A1CFE3A0002007A /* String.swift in Sources */,
				50B847312A1CCC970002007A /* MelodyMate.xcdatamodeld in Sources */,
				50B847492A1CFDD20002007A /* ImageLoader.swift in Sources */,
				50B847502A1CFF2B0002007A /* Double.swift in Sources */,
				50B8473E2A1CFB3F0002007A /* AudioPlayerView.swift in Sources */,
				50B847402A1CFB6F0002007A /* AuidoPlayer.swift in Sources */,
				50B8474E2A1CFEB60002007A /* checkMemoryAvailability.swift in Sources */,
				50B8472E2A1CCC970002007A /* Persistence.swift in Sources */,
				50B847452A1CFCD50002007A /* selectAudioOutput.swift in Sources */,
				50B847272A1CCC940002007A /* ContentView.swift in Sources */,
				50B847432A1CFC740002007A /* RouteChangeHandler.swift in Sources */,
				50B847522A1CFFCA0002007A /* ImageBrightness.swift in Sources */,
				50B847252A1CCC940002007A /* MelodyMateApp.swift in Sources */,
			);
			runOnlyForDeploymentPostprocessing = 0;
		};
/* End PBXSourcesBuildPhase section */

/* Begin XCBuildConfiguration section */
		50B847322A1CCC970002007A /* Debug */ = {
			isa = XCBuildConfiguration;
			buildSettings = {
				ALWAYS_SEARCH_USER_PATHS = NO;
				CLANG_ANALYZER_NONNULL = YES;
				CLANG_ANALYZER_NUMBER_OBJECT_CONVERSION = YES_AGGRESSIVE;
				CLANG_CXX_LANGUAGE_STANDARD = "gnu++20";
				CLANG_ENABLE_MODULES = YES;
				CLANG_ENABLE_OBJC_ARC = YES;
				CLANG_ENABLE_OBJC_WEAK = YES;
				CLANG_WARN_BLOCK_CAPTURE_AUTORELEASING = YES;
				CLANG_WARN_BOOL_CONVERSION = YES;
				CLANG_WARN_COMMA = YES;
				CLANG_WARN_CONSTANT_CONVERSION = YES;
				CLANG_WARN_DEPRECATED_OBJC_IMPLEMENTATIONS = YES;
				CLANG_WARN_DIRECT_OBJC_ISA_USAGE = YES_ERROR;
				CLANG_WARN_DOCUMENTATION_COMMENTS = YES;
				CLANG_WARN_EMPTY_BODY = YES;
				CLANG_WARN_ENUM_CONVERSION = YES;
				CLANG_WARN_INFINITE_RECURSION = YES;
				CLANG_WARN_INT_CONVERSION = YES;
				CLANG_WARN_NON_LITERAL_NULL_CONVERSION = YES;
				CLANG_WARN_OBJC_IMPLICIT_RETAIN_SELF = YES;
				CLANG_WARN_OBJC_LITERAL_CONVERSION = YES;
				CLANG_WARN_OBJC_ROOT_CLASS = YES_ERROR;
				CLANG_WARN_QUOTED_INCLUDE_IN_FRAMEWORK_HEADER = YES;
				CLANG_WARN_RANGE_LOOP_ANALYSIS = YES;
				CLANG_WARN_STRICT_PROTOTYPES = YES;
				CLANG_WARN_SUSPICIOUS_MOVE = YES;
				CLANG_WARN_UNGUARDED_AVAILABILITY = YES_AGGRESSIVE;
				CLANG_WARN_UNREACHABLE_CODE = YES;
				CLANG_WARN__DUPLICATE_METHOD_MATCH = YES;
				COPY_PHASE_STRIP = NO;
				DEBUG_INFORMATION_FORMAT = dwarf;
				ENABLE_STRICT_OBJC_MSGSEND = YES;
				ENABLE_TESTABILITY = YES;
				GCC_C_LANGUAGE_STANDARD = gnu11;
				GCC_DYNAMIC_NO_PIC = NO;
				GCC_NO_COMMON_BLOCKS = YES;
				GCC_OPTIMIZATION_LEVEL = 0;
				GCC_PREPROCESSOR_DEFINITIONS = (
					"DEBUG=1",
					"$(inherited)",
				);
				GCC_WARN_64_TO_32_BIT_CONVERSION = YES;
				GCC_WARN_ABOUT_RETURN_TYPE = YES_ERROR;
				GCC_WARN_UNDECLARED_SELECTOR = YES;
				GCC_WARN_UNINITIALIZED_AUTOS = YES_AGGRESSIVE;
				GCC_WARN_UNUSED_FUNCTION = YES;
				GCC_WARN_UNUSED_VARIABLE = YES;
				IPHONEOS_DEPLOYMENT_TARGET = 16.4;
				MTL_ENABLE_DEBUG_INFO = INCLUDE_SOURCE;
				MTL_FAST_MATH = YES;
				ONLY_ACTIVE_ARCH = YES;
				SDKROOT = iphoneos;
				SWIFT_ACTIVE_COMPILATION_CONDITIONS = DEBUG;
				SWIFT_OPTIMIZATION_LEVEL = "-Onone";
			};
			name = Debug;
		};
		50B847332A1CCC970002007A /* Release */ = {
			isa = XCBuildConfiguration;
			buildSettings = {
				ALWAYS_SEARCH_USER_PATHS = NO;
				CLANG_ANALYZER_NONNULL = YES;
				CLANG_ANALYZER_NUMBER_OBJECT_CONVERSION = YES_AGGRESSIVE;
				CLANG_CXX_LANGUAGE_STANDARD = "gnu++20";
				CLANG_ENABLE_MODULES = YES;
				CLANG_ENABLE_OBJC_ARC = YES;
				CLANG_ENABLE_OBJC_WEAK = YES;
				CLANG_WARN_BLOCK_CAPTURE_AUTORELEASING = YES;
				CLANG_WARN_BOOL_CONVERSION = YES;
				CLANG_WARN_COMMA = YES;
				CLANG_WARN_CONSTANT_CONVERSION = YES;
				CLANG_WARN_DEPRECATED_OBJC_IMPLEMENTATIONS = YES;
				CLANG_WARN_DIRECT_OBJC_ISA_USAGE = YES_ERROR;
				CLANG_WARN_DOCUMENTATION_COMMENTS = YES;
				CLANG_WARN_EMPTY_BODY = YES;
				CLANG_WARN_ENUM_CONVERSION = YES;
				CLANG_WARN_INFINITE_RECURSION = YES;
				CLANG_WARN_INT_CONVERSION = YES;
				CLANG_WARN_NON_LITERAL_NULL_CONVERSION = YES;
				CLANG_WARN_OBJC_IMPLICIT_RETAIN_SELF = YES;
				CLANG_WARN_OBJC_LITERAL_CONVERSION = YES;
				CLANG_WARN_OBJC_ROOT_CLASS = YES_ERROR;
				CLANG_WARN_QUOTED_INCLUDE_IN_FRAMEWORK_HEADER = YES;
				CLANG_WARN_RANGE_LOOP_ANALYSIS = YES;
				CLANG_WARN_STRICT_PROTOTYPES = YES;
				CLANG_WARN_SUSPICIOUS_MOVE = YES;
				CLANG_WARN_UNGUARDED_AVAILABILITY = YES_AGGRESSIVE;
				CLANG_WARN_UNREACHABLE_CODE = YES;
				CLANG_WARN__DUPLICATE_METHOD_MATCH = YES;
				COPY_PHASE_STRIP = NO;
				DEBUG_INFORMATION_FORMAT = "dwarf-with-dsym";
				ENABLE_NS_ASSERTIONS = NO;
				ENABLE_STRICT_OBJC_MSGSEND = YES;
				GCC_C_LANGUAGE_STANDARD = gnu11;
				GCC_NO_COMMON_BLOCKS = YES;
				GCC_WARN_64_TO_32_BIT_CONVERSION = YES;
				GCC_WARN_ABOUT_RETURN_TYPE = YES_ERROR;
				GCC_WARN_UNDECLARED_SELECTOR = YES;
				GCC_WARN_UNINITIALIZED_AUTOS = YES_AGGRESSIVE;
				GCC_WARN_UNUSED_FUNCTION = YES;
				GCC_WARN_UNUSED_VARIABLE = YES;
				IPHONEOS_DEPLOYMENT_TARGET = 16.4;
				MTL_ENABLE_DEBUG_INFO = NO;
				MTL_FAST_MATH = YES;
				SDKROOT = iphoneos;
				SWIFT_COMPILATION_MODE = wholemodule;
				SWIFT_OPTIMIZATION_LEVEL = "-O";
				VALIDATE_PRODUCT = YES;
			};
			name = Release;
		};
		50B847352A1CCC970002007A /* Debug */ = {
			isa = XCBuildConfiguration;
			buildSettings = {
				ASSETCATALOG_COMPILER_APPICON_NAME = AppIcon;
				ASSETCATALOG_COMPILER_GLOBAL_ACCENT_COLOR_NAME = AccentColor;
				CODE_SIGN_STYLE = Automatic;
				CURRENT_PROJECT_VERSION = 1;
				DEVELOPMENT_ASSET_PATHS = "\"MelodyMate/Preview Content\"";
				DEVELOPMENT_TEAM = NRTGJB9J65;
				ENABLE_PREVIEWS = YES;
				GENERATE_INFOPLIST_FILE = YES;
				INFOPLIST_KEY_NSAppleMusicUsageDescription = "This app requires access to your music library to play songs.";
				INFOPLIST_KEY_UIApplicationSceneManifest_Generation = YES;
				INFOPLIST_KEY_UIApplicationSupportsIndirectInputEvents = YES;
				INFOPLIST_KEY_UILaunchScreen_Generation = YES;
				INFOPLIST_KEY_UISupportedInterfaceOrientations_iPad = "UIInterfaceOrientationPortrait UIInterfaceOrientationPortraitUpsideDown UIInterfaceOrientationLandscapeLeft UIInterfaceOrientationLandscapeRight";
				INFOPLIST_KEY_UISupportedInterfaceOrientations_iPhone = "UIInterfaceOrientationPortrait UIInterfaceOrientationLandscapeLeft UIInterfaceOrientationLandscapeRight";
				LD_RUNPATH_SEARCH_PATHS = (
					"$(inherited)",
					"@executable_path/Frameworks",
				);
				MARKETING_VERSION = 1.0;
				PRODUCT_BUNDLE_IDENTIFIER = com.Morphicode.MelodyMate;
				PRODUCT_NAME = "$(TARGET_NAME)";
				SWIFT_EMIT_LOC_STRINGS = YES;
				SWIFT_VERSION = 5.0;
				TARGETED_DEVICE_FAMILY = "1,2";
			};
			name = Debug;
		};
		50B847362A1CCC970002007A /* Release */ = {
			isa = XCBuildConfiguration;
			buildSettings = {
				ASSETCATALOG_COMPILER_APPICON_NAME = AppIcon;
				ASSETCATALOG_COMPILER_GLOBAL_ACCENT_COLOR_NAME = AccentColor;
				CODE_SIGN_STYLE = Automatic;
				CURRENT_PROJECT_VERSION = 1;
				DEVELOPMENT_ASSET_PATHS = "\"MelodyMate/Preview Content\"";
				DEVELOPMENT_TEAM = NRTGJB9J65;
				ENABLE_PREVIEWS = YES;
				GENERATE_INFOPLIST_FILE = YES;
				INFOPLIST_KEY_NSAppleMusicUsageDescription = "This app requires access to your music library to play songs.";
				INFOPLIST_KEY_UIApplicationSceneManifest_Generation = YES;
				INFOPLIST_KEY_UIApplicationSupportsIndirectInputEvents = YES;
				INFOPLIST_KEY_UILaunchScreen_Generation = YES;
				INFOPLIST_KEY_UISupportedInterfaceOrientations_iPad = "UIInterfaceOrientationPortrait UIInterfaceOrientationPortraitUpsideDown UIInterfaceOrientationLandscapeLeft UIInterfaceOrientationLandscapeRight";
				INFOPLIST_KEY_UISupportedInterfaceOrientations_iPhone = "UIInterfaceOrientationPortrait UIInterfaceOrientationLandscapeLeft UIInterfaceOrientationLandscapeRight";
				LD_RUNPATH_SEARCH_PATHS = (
					"$(inherited)",
					"@executable_path/Frameworks",
				);
				MARKETING_VERSION = 1.0;
				PRODUCT_BUNDLE_IDENTIFIER = com.Morphicode.MelodyMate;
				PRODUCT_NAME = "$(TARGET_NAME)";
				SWIFT_EMIT_LOC_STRINGS = YES;
				SWIFT_VERSION = 5.0;
				TARGETED_DEVICE_FAMILY = "1,2";
			};
			name = Release;
		};
/* End XCBuildConfiguration section */

/* Begin XCConfigurationList section */
		50B8471C2A1CCC940002007A /* Build configuration list for PBXProject "MelodyMate" */ = {
			isa = XCConfigurationList;
			buildConfigurations = (
				50B847322A1CCC970002007A /* Debug */,
				50B847332A1CCC970002007A /* Release */,
			);
			defaultConfigurationIsVisible = 0;
			defaultConfigurationName = Release;
		};
		50B847342A1CCC970002007A /* Build configuration list for PBXNativeTarget "MelodyMate" */ = {
			isa = XCConfigurationList;
			buildConfigurations = (
				50B847352A1CCC970002007A /* Debug */,
				50B847362A1CCC970002007A /* Release */,
			);
			defaultConfigurationIsVisible = 0;
			defaultConfigurationName = Release;
		};
/* End XCConfigurationList section */

/* Begin XCVersionGroup section */
		50B8472F2A1CCC970002007A /* MelodyMate.xcdatamodeld */ = {
			isa = XCVersionGroup;
			children = (
				50B847302A1CCC970002007A /* MelodyMate.xcdatamodel */,
			);
			currentVersion = 50B847302A1CCC970002007A /* MelodyMate.xcdatamodel */;
			path = MelodyMate.xcdatamodeld;
			sourceTree = "<group>";
			versionGroupType = wrapper.xcdatamodel;
		};
/* End XCVersionGroup section */
	};
	rootObject = 50B847192A1CCC940002007A /* Project object */;
}
